// !$*UTF8*$!
{
	archiveVersion = 1;
	classes = {
	};
	objectVersion = 56;
	objects = {

/* Begin PBXBuildFile section */
		55072C062C15AB3F00B3EFC9 /* CoffeeCodeHealthKit2App.swift in Sources */ = {isa = PBXBuildFile; fileRef = 55072C052C15AB3F00B3EFC9 /* CoffeeCodeHealthKit2App.swift */; };
		55072C082C15AB3F00B3EFC9 /* PermissionView.swift in Sources */ = {isa = PBXBuildFile; fileRef = 55072C072C15AB3F00B3EFC9 /* PermissionView.swift */; };
		55072C0A2C15AB4000B3EFC9 /* Assets.xcassets in Resources */ = {isa = PBXBuildFile; fileRef = 55072C092C15AB4000B3EFC9 /* Assets.xcassets */; };
		55072C0D2C15AB4000B3EFC9 /* Preview Assets.xcassets in Resources */ = {isa = PBXBuildFile; fileRef = 55072C0C2C15AB4000B3EFC9 /* Preview Assets.xcassets */; };
		55072C132C15AB4000B3EFC9 /* CoffeeCodeHealthKit2 Watch App.app in Embed Watch Content */ = {isa = PBXBuildFile; fileRef = 55072C122C15AB4000B3EFC9 /* CoffeeCodeHealthKit2 Watch App.app */; settings = {ATTRIBUTES = (RemoveHeadersOnCopy, ); }; };
		55072C182C15AB4000B3EFC9 /* CoffeeCodeHealthKit2App.swift in Sources */ = {isa = PBXBuildFile; fileRef = 55072C172C15AB4000B3EFC9 /* CoffeeCodeHealthKit2App.swift */; };
		55072C1A2C15AB4000B3EFC9 /* ContentView.swift in Sources */ = {isa = PBXBuildFile; fileRef = 55072C192C15AB4000B3EFC9 /* ContentView.swift */; };
		55072C1C2C15AB4100B3EFC9 /* Assets.xcassets in Resources */ = {isa = PBXBuildFile; fileRef = 55072C1B2C15AB4100B3EFC9 /* Assets.xcassets */; };
		55072C1F2C15AB4100B3EFC9 /* Preview Assets.xcassets in Resources */ = {isa = PBXBuildFile; fileRef = 55072C1E2C15AB4100B3EFC9 /* Preview Assets.xcassets */; };
		55072C2B2C15ABB300B3EFC9 /* HealthDataTypes.swift in Sources */ = {isa = PBXBuildFile; fileRef = 55072C292C15ABB300B3EFC9 /* HealthDataTypes.swift */; };
		55072C2C2C15ABB300B3EFC9 /* HealthPermissionsManager.swift in Sources */ = {isa = PBXBuildFile; fileRef = 55072C2A2C15ABB300B3EFC9 /* HealthPermissionsManager.swift */; };
		55072C312C15AE2C00B3EFC9 /* HealthPermissionsStatus.swift in Sources */ = {isa = PBXBuildFile; fileRef = 55072C302C15AE2C00B3EFC9 /* HealthPermissionsStatus.swift */; };
		55072C352C15B03800B3EFC9 /* PersonalDataView.swift in Sources */ = {isa = PBXBuildFile; fileRef = 55072C342C15B03800B3EFC9 /* PersonalDataView.swift */; };
		55072C382C15B1AE00B3EFC9 /* PersonalDataViewModel.swift in Sources */ = {isa = PBXBuildFile; fileRef = 55072C372C15B1AE00B3EFC9 /* PersonalDataViewModel.swift */; };
		55072C3D2C15B9D000B3EFC9 /* WorkoutView.swift in Sources */ = {isa = PBXBuildFile; fileRef = 55072C3C2C15B9D000B3EFC9 /* WorkoutView.swift */; };
/* End PBXBuildFile section */

/* Begin PBXContainerItemProxy section */
		55072C142C15AB4000B3EFC9 /* PBXContainerItemProxy */ = {
			isa = PBXContainerItemProxy;
			containerPortal = 55072BFA2C15AB3E00B3EFC9 /* Project object */;
			proxyType = 1;
			remoteGlobalIDString = 55072C112C15AB4000B3EFC9;
			remoteInfo = "CoffeeCodeHealthKit2 Watch App";
		};
/* End PBXContainerItemProxy section */

/* Begin PBXCopyFilesBuildPhase section */
		55072C252C15AB4100B3EFC9 /* Embed Watch Content */ = {
			isa = PBXCopyFilesBuildPhase;
			buildActionMask = 2147483647;
			dstPath = "$(CONTENTS_FOLDER_PATH)/Watch";
			dstSubfolderSpec = 16;
			files = (
				55072C132C15AB4000B3EFC9 /* CoffeeCodeHealthKit2 Watch App.app in Embed Watch Content */,
			);
			name = "Embed Watch Content";
			runOnlyForDeploymentPostprocessing = 0;
		};
/* End PBXCopyFilesBuildPhase section */

/* Begin PBXFileReference section */
		55072C022C15AB3F00B3EFC9 /* CoffeeCodeHealthKit2.app */ = {isa = PBXFileReference; explicitFileType = wrapper.application; includeInIndex = 0; path = CoffeeCodeHealthKit2.app; sourceTree = BUILT_PRODUCTS_DIR; };
		55072C052C15AB3F00B3EFC9 /* CoffeeCodeHealthKit2App.swift */ = {isa = PBXFileReference; lastKnownFileType = sourcecode.swift; path = CoffeeCodeHealthKit2App.swift; sourceTree = "<group>"; };
		55072C072C15AB3F00B3EFC9 /* PermissionView.swift */ = {isa = PBXFileReference; lastKnownFileType = sourcecode.swift; path = PermissionView.swift; sourceTree = "<group>"; };
		55072C092C15AB4000B3EFC9 /* Assets.xcassets */ = {isa = PBXFileReference; lastKnownFileType = folder.assetcatalog; path = Assets.xcassets; sourceTree = "<group>"; };
		55072C0C2C15AB4000B3EFC9 /* Preview Assets.xcassets */ = {isa = PBXFileReference; lastKnownFileType = folder.assetcatalog; path = "Preview Assets.xcassets"; sourceTree = "<group>"; };
		55072C122C15AB4000B3EFC9 /* CoffeeCodeHealthKit2 Watch App.app */ = {isa = PBXFileReference; explicitFileType = wrapper.application; includeInIndex = 0; path = "CoffeeCodeHealthKit2 Watch App.app"; sourceTree = BUILT_PRODUCTS_DIR; };
		55072C172C15AB4000B3EFC9 /* CoffeeCodeHealthKit2App.swift */ = {isa = PBXFileReference; lastKnownFileType = sourcecode.swift; path = CoffeeCodeHealthKit2App.swift; sourceTree = "<group>"; };
		55072C192C15AB4000B3EFC9 /* ContentView.swift */ = {isa = PBXFileReference; lastKnownFileType = sourcecode.swift; path = ContentView.swift; sourceTree = "<group>"; };
		55072C1B2C15AB4100B3EFC9 /* Assets.xcassets */ = {isa = PBXFileReference; lastKnownFileType = folder.assetcatalog; path = Assets.xcassets; sourceTree = "<group>"; };
		55072C1E2C15AB4100B3EFC9 /* Preview Assets.xcassets */ = {isa = PBXFileReference; lastKnownFileType = folder.assetcatalog; path = "Preview Assets.xcassets"; sourceTree = "<group>"; };
		55072C292C15ABB300B3EFC9 /* HealthDataTypes.swift */ = {isa = PBXFileReference; fileEncoding = 4; lastKnownFileType = sourcecode.swift; path = HealthDataTypes.swift; sourceTree = "<group>"; };
		55072C2A2C15ABB300B3EFC9 /* HealthPermissionsManager.swift */ = {isa = PBXFileReference; fileEncoding = 4; lastKnownFileType = sourcecode.swift; path = HealthPermissionsManager.swift; sourceTree = "<group>"; };
		55072C2E2C15ABDA00B3EFC9 /* CoffeeCodeHealthKit2.entitlements */ = {isa = PBXFileReference; lastKnownFileType = text.plist.entitlements; path = CoffeeCodeHealthKit2.entitlements; sourceTree = "<group>"; };
		55072C2F2C15AC6E00B3EFC9 /* CoffeeCodeHealthKit2 Watch App.entitlements */ = {isa = PBXFileReference; lastKnownFileType = text.plist.entitlements; path = "CoffeeCodeHealthKit2 Watch App.entitlements"; sourceTree = "<group>"; };
		55072C302C15AE2C00B3EFC9 /* HealthPermissionsStatus.swift */ = {isa = PBXFileReference; fileEncoding = 4; lastKnownFileType = sourcecode.swift; path = HealthPermissionsStatus.swift; sourceTree = "<group>"; };
		55072C342C15B03800B3EFC9 /* PersonalDataView.swift */ = {isa = PBXFileReference; lastKnownFileType = sourcecode.swift; path = PersonalDataView.swift; sourceTree = "<group>"; };
		55072C372C15B1AE00B3EFC9 /* PersonalDataViewModel.swift */ = {isa = PBXFileReference; lastKnownFileType = sourcecode.swift; path = PersonalDataViewModel.swift; sourceTree = "<group>"; };
		55072C3C2C15B9D000B3EFC9 /* WorkoutView.swift */ = {isa = PBXFileReference; lastKnownFileType = sourcecode.swift; path = WorkoutView.swift; sourceTree = "<group>"; };
/* End PBXFileReference section */

/* Begin PBXFrameworksBuildPhase section */
		55072BFF2C15AB3F00B3EFC9 /* Frameworks */ = {
			isa = PBXFrameworksBuildPhase;
			buildActionMask = 2147483647;
			files = (
			);
			runOnlyForDeploymentPostprocessing = 0;
		};
		55072C0F2C15AB4000B3EFC9 /* Frameworks */ = {
			isa = PBXFrameworksBuildPhase;
			buildActionMask = 2147483647;
			files = (
			);
			runOnlyForDeploymentPostprocessing = 0;
		};
/* End PBXFrameworksBuildPhase section */

/* Begin PBXGroup section */
		55072BF92C15AB3E00B3EFC9 = {
			isa = PBXGroup;
			children = (
				55072C042C15AB3F00B3EFC9 /* CoffeeCodeHealthKit2 */,
				55072C162C15AB4000B3EFC9 /* CoffeeCodeHealthKit2 Watch App */,
				55072C032C15AB3F00B3EFC9 /* Products */,
			);
			sourceTree = "<group>";
		};
		55072C032C15AB3F00B3EFC9 /* Products */ = {
			isa = PBXGroup;
			children = (
				55072C022C15AB3F00B3EFC9 /* CoffeeCodeHealthKit2.app */,
				55072C122C15AB4000B3EFC9 /* CoffeeCodeHealthKit2 Watch App.app */,
			);
			name = Products;
			sourceTree = "<group>";
		};
		55072C042C15AB3F00B3EFC9 /* CoffeeCodeHealthKit2 */ = {
			isa = PBXGroup;
			children = (
				55072C2E2C15ABDA00B3EFC9 /* CoffeeCodeHealthKit2.entitlements */,
				55072C052C15AB3F00B3EFC9 /* CoffeeCodeHealthKit2App.swift */,
				55072C322C15AF9100B3EFC9 /* Views */,
				55072C2D2C15ABB800B3EFC9 /* Model */,
				55072C092C15AB4000B3EFC9 /* Assets.xcassets */,
				55072C0B2C15AB4000B3EFC9 /* Preview Content */,
			);
			path = CoffeeCodeHealthKit2;
			sourceTree = "<group>";
		};
		55072C0B2C15AB4000B3EFC9 /* Preview Content */ = {
			isa = PBXGroup;
			children = (
				55072C0C2C15AB4000B3EFC9 /* Preview Assets.xcassets */,
			);
			path = "Preview Content";
			sourceTree = "<group>";
		};
		55072C162C15AB4000B3EFC9 /* CoffeeCodeHealthKit2 Watch App */ = {
			isa = PBXGroup;
			children = (
				55072C362C15B19400B3EFC9 /* ViewModels */,
				55072C2F2C15AC6E00B3EFC9 /* CoffeeCodeHealthKit2 Watch App.entitlements */,
				55072C172C15AB4000B3EFC9 /* CoffeeCodeHealthKit2App.swift */,
				55072C3B2C15B3F600B3EFC9 /* Model */,
				55072C332C15B00100B3EFC9 /* Views */,
				55072C1B2C15AB4100B3EFC9 /* Assets.xcassets */,
				55072C1D2C15AB4100B3EFC9 /* Preview Content */,
			);
			path = "CoffeeCodeHealthKit2 Watch App";
			sourceTree = "<group>";
		};
		55072C1D2C15AB4100B3EFC9 /* Preview Content */ = {
			isa = PBXGroup;
			children = (
				55072C1E2C15AB4100B3EFC9 /* Preview Assets.xcassets */,
			);
			path = "Preview Content";
			sourceTree = "<group>";
		};
		55072C2D2C15ABB800B3EFC9 /* Model */ = {
			isa = PBXGroup;
			children = (
				55072C292C15ABB300B3EFC9 /* HealthDataTypes.swift */,
				55072C2A2C15ABB300B3EFC9 /* HealthPermissionsManager.swift */,
				55072C302C15AE2C00B3EFC9 /* HealthPermissionsStatus.swift */,
			);
			path = Model;
			sourceTree = "<group>";
		};
		55072C322C15AF9100B3EFC9 /* Views */ = {
			isa = PBXGroup;
			children = (
				55072C072C15AB3F00B3EFC9 /* PermissionView.swift */,
			);
			path = Views;
			sourceTree = "<group>";
		};
		55072C332C15B00100B3EFC9 /* Views */ = {
			isa = PBXGroup;
			children = (
				55072C192C15AB4000B3EFC9 /* ContentView.swift */,
				55072C342C15B03800B3EFC9 /* PersonalDataView.swift */,
				55072C3C2C15B9D000B3EFC9 /* WorkoutView.swift */,
			);
			path = Views;
			sourceTree = "<group>";
		};
		55072C362C15B19400B3EFC9 /* ViewModels */ = {
			isa = PBXGroup;
			children = (
				55072C372C15B1AE00B3EFC9 /* PersonalDataViewModel.swift */,
			);
			path = ViewModels;
			sourceTree = "<group>";
		};
		55072C3B2C15B3F600B3EFC9 /* Model */ = {
			isa = PBXGroup;
			children = (
			);
			path = Model;
			sourceTree = "<group>";
		};
/* End PBXGroup section */

/* Begin PBXNativeTarget section */
		55072C012C15AB3F00B3EFC9 /* CoffeeCodeHealthKit2 */ = {
			isa = PBXNativeTarget;
			buildConfigurationList = 55072C262C15AB4100B3EFC9 /* Build configuration list for PBXNativeTarget "CoffeeCodeHealthKit2" */;
			buildPhases = (
				55072BFE2C15AB3F00B3EFC9 /* Sources */,
				55072BFF2C15AB3F00B3EFC9 /* Frameworks */,
				55072C002C15AB3F00B3EFC9 /* Resources */,
				55072C252C15AB4100B3EFC9 /* Embed Watch Content */,
			);
			buildRules = (
			);
			dependencies = (
				55072C152C15AB4000B3EFC9 /* PBXTargetDependency */,
			);
			name = CoffeeCodeHealthKit2;
			productName = CoffeeCodeHealthKit2;
			productReference = 55072C022C15AB3F00B3EFC9 /* CoffeeCodeHealthKit2.app */;
			productType = "com.apple.product-type.application";
		};
		55072C112C15AB4000B3EFC9 /* CoffeeCodeHealthKit2 Watch App */ = {
			isa = PBXNativeTarget;
			buildConfigurationList = 55072C222C15AB4100B3EFC9 /* Build configuration list for PBXNativeTarget "CoffeeCodeHealthKit2 Watch App" */;
			buildPhases = (
				55072C0E2C15AB4000B3EFC9 /* Sources */,
				55072C0F2C15AB4000B3EFC9 /* Frameworks */,
				55072C102C15AB4000B3EFC9 /* Resources */,
			);
			buildRules = (
			);
			dependencies = (
			);
			name = "CoffeeCodeHealthKit2 Watch App";
			productName = "CoffeeCodeHealthKit2 Watch App";
			productReference = 55072C122C15AB4000B3EFC9 /* CoffeeCodeHealthKit2 Watch App.app */;
			productType = "com.apple.product-type.application";
		};
/* End PBXNativeTarget section */

/* Begin PBXProject section */
		55072BFA2C15AB3E00B3EFC9 /* Project object */ = {
			isa = PBXProject;
			attributes = {
				BuildIndependentTargetsInParallel = 1;
				LastSwiftUpdateCheck = 1530;
				LastUpgradeCheck = 1530;
				TargetAttributes = {
					55072C012C15AB3F00B3EFC9 = {
						CreatedOnToolsVersion = 15.3;
					};
					55072C112C15AB4000B3EFC9 = {
						CreatedOnToolsVersion = 15.3;
					};
				};
			};
			buildConfigurationList = 55072BFD2C15AB3E00B3EFC9 /* Build configuration list for PBXProject "CoffeeCodeHealthKit2" */;
			compatibilityVersion = "Xcode 14.0";
			developmentRegion = en;
			hasScannedForEncodings = 0;
			knownRegions = (
				en,
				Base,
			);
			mainGroup = 55072BF92C15AB3E00B3EFC9;
			productRefGroup = 55072C032C15AB3F00B3EFC9 /* Products */;
			projectDirPath = "";
			projectRoot = "";
			targets = (
				55072C012C15AB3F00B3EFC9 /* CoffeeCodeHealthKit2 */,
				55072C112C15AB4000B3EFC9 /* CoffeeCodeHealthKit2 Watch App */,
			);
		};
/* End PBXProject section */

/* Begin PBXResourcesBuildPhase section */
		55072C002C15AB3F00B3EFC9 /* Resources */ = {
			isa = PBXResourcesBuildPhase;
			buildActionMask = 2147483647;
			files = (
				55072C0D2C15AB4000B3EFC9 /* Preview Assets.xcassets in Resources */,
				55072C0A2C15AB4000B3EFC9 /* Assets.xcassets in Resources */,
			);
			runOnlyForDeploymentPostprocessing = 0;
		};
		55072C102C15AB4000B3EFC9 /* Resources */ = {
			isa = PBXResourcesBuildPhase;
			buildActionMask = 2147483647;
			files = (
				55072C1F2C15AB4100B3EFC9 /* Preview Assets.xcassets in Resources */,
				55072C1C2C15AB4100B3EFC9 /* Assets.xcassets in Resources */,
			);
			runOnlyForDeploymentPostprocessing = 0;
		};
/* End PBXResourcesBuildPhase section */

/* Begin PBXSourcesBuildPhase section */
		55072BFE2C15AB3F00B3EFC9 /* Sources */ = {
			isa = PBXSourcesBuildPhase;
			buildActionMask = 2147483647;
			files = (
				55072C2B2C15ABB300B3EFC9 /* HealthDataTypes.swift in Sources */,
				55072C082C15AB3F00B3EFC9 /* PermissionView.swift in Sources */,
				55072C312C15AE2C00B3EFC9 /* HealthPermissionsStatus.swift in Sources */,
				55072C2C2C15ABB300B3EFC9 /* HealthPermissionsManager.swift in Sources */,
				55072C062C15AB3F00B3EFC9 /* CoffeeCodeHealthKit2App.swift in Sources */,
			);
			runOnlyForDeploymentPostprocessing = 0;
		};
		55072C0E2C15AB4000B3EFC9 /* Sources */ = {
			isa = PBXSourcesBuildPhase;
			buildActionMask = 2147483647;
			files = (
				55072C382C15B1AE00B3EFC9 /* PersonalDataViewModel.swift in Sources */,
				55072C1A2C15AB4000B3EFC9 /* ContentView.swift in Sources */,
				55072C182C15AB4000B3EFC9 /* CoffeeCodeHealthKit2App.swift in Sources */,
				55072C3D2C15B9D000B3EFC9 /* WorkoutView.swift in Sources */,
				55072C352C15B03800B3EFC9 /* PersonalDataView.swift in Sources */,
			);
			runOnlyForDeploymentPostprocessing = 0;
		};
/* End PBXSourcesBuildPhase section */

/* Begin PBXTargetDependency section */
		55072C152C15AB4000B3EFC9 /* PBXTargetDependency */ = {
			isa = PBXTargetDependency;
			target = 55072C112C15AB4000B3EFC9 /* CoffeeCodeHealthKit2 Watch App */;
			targetProxy = 55072C142C15AB4000B3EFC9 /* PBXContainerItemProxy */;
		};
/* End PBXTargetDependency section */

/* Begin XCBuildConfiguration section */
		55072C202C15AB4100B3EFC9 /* Debug */ = {
			isa = XCBuildConfiguration;
			buildSettings = {
				ALWAYS_SEARCH_USER_PATHS = NO;
				ASSETCATALOG_COMPILER_GENERATE_SWIFT_ASSET_SYMBOL_EXTENSIONS = YES;
				CLANG_ANALYZER_NONNULL = YES;
				CLANG_ANALYZER_NUMBER_OBJECT_CONVERSION = YES_AGGRESSIVE;
				CLANG_CXX_LANGUAGE_STANDARD = "gnu++20";
				CLANG_ENABLE_MODULES = YES;
				CLANG_ENABLE_OBJC_ARC = YES;
				CLANG_ENABLE_OBJC_WEAK = YES;
				CLANG_WARN_BLOCK_CAPTURE_AUTORELEASING = YES;
				CLANG_WARN_BOOL_CONVERSION = YES;
				CLANG_WARN_COMMA = YES;
				CLANG_WARN_CONSTANT_CONVERSION = YES;
				CLANG_WARN_DEPRECATED_OBJC_IMPLEMENTATIONS = YES;
				CLANG_WARN_DIRECT_OBJC_ISA_USAGE = YES_ERROR;
				CLANG_WARN_DOCUMENTATION_COMMENTS = YES;
				CLANG_WARN_EMPTY_BODY = YES;
				CLANG_WARN_ENUM_CONVERSION = YES;
				CLANG_WARN_INFINITE_RECURSION = YES;
				CLANG_WARN_INT_CONVERSION = YES;
				CLANG_WARN_NON_LITERAL_NULL_CONVERSION = YES;
				CLANG_WARN_OBJC_IMPLICIT_RETAIN_SELF = YES;
				CLANG_WARN_OBJC_LITERAL_CONVERSION = YES;
				CLANG_WARN_OBJC_ROOT_CLASS = YES_ERROR;
				CLANG_WARN_QUOTED_INCLUDE_IN_FRAMEWORK_HEADER = YES;
				CLANG_WARN_RANGE_LOOP_ANALYSIS = YES;
				CLANG_WARN_STRICT_PROTOTYPES = YES;
				CLANG_WARN_SUSPICIOUS_MOVE = YES;
				CLANG_WARN_UNGUARDED_AVAILABILITY = YES_AGGRESSIVE;
				CLANG_WARN_UNREACHABLE_CODE = YES;
				CLANG_WARN__DUPLICATE_METHOD_MATCH = YES;
				COPY_PHASE_STRIP = NO;
				DEBUG_INFORMATION_FORMAT = dwarf;
				ENABLE_STRICT_OBJC_MSGSEND = YES;
				ENABLE_TESTABILITY = YES;
				ENABLE_USER_SCRIPT_SANDBOXING = YES;
				GCC_C_LANGUAGE_STANDARD = gnu17;
				GCC_DYNAMIC_NO_PIC = NO;
				GCC_NO_COMMON_BLOCKS = YES;
				GCC_OPTIMIZATION_LEVEL = 0;
				GCC_PREPROCESSOR_DEFINITIONS = (
					"DEBUG=1",
					"$(inherited)",
				);
				GCC_WARN_64_TO_32_BIT_CONVERSION = YES;
				GCC_WARN_ABOUT_RETURN_TYPE = YES_ERROR;
				GCC_WARN_UNDECLARED_SELECTOR = YES;
				GCC_WARN_UNINITIALIZED_AUTOS = YES_AGGRESSIVE;
				GCC_WARN_UNUSED_FUNCTION = YES;
				GCC_WARN_UNUSED_VARIABLE = YES;
				LOCALIZATION_PREFERS_STRING_CATALOGS = YES;
				MTL_ENABLE_DEBUG_INFO = INCLUDE_SOURCE;
				MTL_FAST_MATH = YES;
				ONLY_ACTIVE_ARCH = YES;
				SWIFT_ACTIVE_COMPILATION_CONDITIONS = "DEBUG $(inherited)";
				SWIFT_OPTIMIZATION_LEVEL = "-Onone";
			};
			name = Debug;
		};
		55072C212C15AB4100B3EFC9 /* Release */ = {
			isa = XCBuildConfiguration;
			buildSettings = {
				ALWAYS_SEARCH_USER_PATHS = NO;
				ASSETCATALOG_COMPILER_GENERATE_SWIFT_ASSET_SYMBOL_EXTENSIONS = YES;
				CLANG_ANALYZER_NONNULL = YES;
				CLANG_ANALYZER_NUMBER_OBJECT_CONVERSION = YES_AGGRESSIVE;
				CLANG_CXX_LANGUAGE_STANDARD = "gnu++20";
				CLANG_ENABLE_MODULES = YES;
				CLANG_ENABLE_OBJC_ARC = YES;
				CLANG_ENABLE_OBJC_WEAK = YES;
				CLANG_WARN_BLOCK_CAPTURE_AUTORELEASING = YES;
				CLANG_WARN_BOOL_CONVERSION = YES;
				CLANG_WARN_COMMA = YES;
				CLANG_WARN_CONSTANT_CONVERSION = YES;
				CLANG_WARN_DEPRECATED_OBJC_IMPLEMENTATIONS = YES;
				CLANG_WARN_DIRECT_OBJC_ISA_USAGE = YES_ERROR;
				CLANG_WARN_DOCUMENTATION_COMMENTS = YES;
				CLANG_WARN_EMPTY_BODY = YES;
				CLANG_WARN_ENUM_CONVERSION = YES;
				CLANG_WARN_INFINITE_RECURSION = YES;
				CLANG_WARN_INT_CONVERSION = YES;
				CLANG_WARN_NON_LITERAL_NULL_CONVERSION = YES;
				CLANG_WARN_OBJC_IMPLICIT_RETAIN_SELF = YES;
				CLANG_WARN_OBJC_LITERAL_CONVERSION = YES;
				CLANG_WARN_OBJC_ROOT_CLASS = YES_ERROR;
				CLANG_WARN_QUOTED_INCLUDE_IN_FRAMEWORK_HEADER = YES;
				CLANG_WARN_RANGE_LOOP_ANALYSIS = YES;
				CLANG_WARN_STRICT_PROTOTYPES = YES;
				CLANG_WARN_SUSPICIOUS_MOVE = YES;
				CLANG_WARN_UNGUARDED_AVAILABILITY = YES_AGGRESSIVE;
				CLANG_WARN_UNREACHABLE_CODE = YES;
				CLANG_WARN__DUPLICATE_METHOD_MATCH = YES;
				COPY_PHASE_STRIP = NO;
				DEBUG_INFORMATION_FORMAT = "dwarf-with-dsym";
				ENABLE_NS_ASSERTIONS = NO;
				ENABLE_STRICT_OBJC_MSGSEND = YES;
				ENABLE_USER_SCRIPT_SANDBOXING = YES;
				GCC_C_LANGUAGE_STANDARD = gnu17;
				GCC_NO_COMMON_BLOCKS = YES;
				GCC_WARN_64_TO_32_BIT_CONVERSION = YES;
				GCC_WARN_ABOUT_RETURN_TYPE = YES_ERROR;
				GCC_WARN_UNDECLARED_SELECTOR = YES;
				GCC_WARN_UNINITIALIZED_AUTOS = YES_AGGRESSIVE;
				GCC_WARN_UNUSED_FUNCTION = YES;
				GCC_WARN_UNUSED_VARIABLE = YES;
				LOCALIZATION_PREFERS_STRING_CATALOGS = YES;
				MTL_ENABLE_DEBUG_INFO = NO;
				MTL_FAST_MATH = YES;
				SWIFT_COMPILATION_MODE = wholemodule;
			};
			name = Release;
		};
		55072C232C15AB4100B3EFC9 /* Debug */ = {
			isa = XCBuildConfiguration;
			buildSettings = {
				ASSETCATALOG_COMPILER_APPICON_NAME = AppIcon;
				ASSETCATALOG_COMPILER_GLOBAL_ACCENT_COLOR_NAME = AccentColor;
				CODE_SIGN_ENTITLEMENTS = "CoffeeCodeHealthKit2 Watch App/CoffeeCodeHealthKit2 Watch App.entitlements";
				CODE_SIGN_STYLE = Automatic;
				CURRENT_PROJECT_VERSION = 1;
				DEVELOPMENT_ASSET_PATHS = "\"CoffeeCodeHealthKit2 Watch App/Preview Content\"";
				DEVELOPMENT_TEAM = 95528648JL;
				ENABLE_PREVIEWS = YES;
				GENERATE_INFOPLIST_FILE = YES;
				INFOPLIST_KEY_CFBundleDisplayName = CoffeeCodeHealthKit2;
				INFOPLIST_KEY_NSHealthShareUsageDescription = "App will run and record workouts.";
				INFOPLIST_KEY_NSHealthUpdateUsageDescription = "App will run and record workouts.";
				INFOPLIST_KEY_UISupportedInterfaceOrientations = "UIInterfaceOrientationPortrait UIInterfaceOrientationPortraitUpsideDown";
				INFOPLIST_KEY_WKCompanionAppBundleIdentifier = coffeecode.CoffeeCodeHealthKit2;
				LD_RUNPATH_SEARCH_PATHS = (
					"$(inherited)",
					"@executable_path/Frameworks",
				);
				MARKETING_VERSION = 1.0;
				PRODUCT_BUNDLE_IDENTIFIER = coffeecode.CoffeeCodeHealthKit2.watchkitapp;
				PRODUCT_NAME = "$(TARGET_NAME)";
				SDKROOT = watchos;
				SKIP_INSTALL = YES;
				SWIFT_EMIT_LOC_STRINGS = YES;
				SWIFT_VERSION = 5.0;
				TARGETED_DEVICE_FAMILY = 4;
				WATCHOS_DEPLOYMENT_TARGET = 10.4;
			};
			name = Debug;
		};
		55072C242C15AB4100B3EFC9 /* Release */ = {
			isa = XCBuildConfiguration;
			buildSettings = {
				ASSETCATALOG_COMPILER_APPICON_NAME = AppIcon;
				ASSETCATALOG_COMPILER_GLOBAL_ACCENT_COLOR_NAME = AccentColor;
				CODE_SIGN_ENTITLEMENTS = "CoffeeCodeHealthKit2 Watch App/CoffeeCodeHealthKit2 Watch App.entitlements";
				CODE_SIGN_STYLE = Automatic;
				CURRENT_PROJECT_VERSION = 1;
				DEVELOPMENT_ASSET_PATHS = "\"CoffeeCodeHealthKit2 Watch App/Preview Content\"";
				DEVELOPMENT_TEAM = 95528648JL;
				ENABLE_PREVIEWS = YES;
				GENERATE_INFOPLIST_FILE = YES;
				INFOPLIST_KEY_CFBundleDisplayName = CoffeeCodeHealthKit2;
				INFOPLIST_KEY_NSHealthShareUsageDescription = "App will run and record workouts.";
				INFOPLIST_KEY_NSHealthUpdateUsageDescription = "App will run and record workouts.";
				INFOPLIST_KEY_UISupportedInterfaceOrientations = "UIInterfaceOrientationPortrait UIInterfaceOrientationPortraitUpsideDown";
				INFOPLIST_KEY_WKCompanionAppBundleIdentifier = coffeecode.CoffeeCodeHealthKit2;
				LD_RUNPATH_SEARCH_PATHS = (
					"$(inherited)",
					"@executable_path/Frameworks",
				);
				MARKETING_VERSION = 1.0;
				PRODUCT_BUNDLE_IDENTIFIER = coffeecode.CoffeeCodeHealthKit2.watchkitapp;
				PRODUCT_NAME = "$(TARGET_NAME)";
				SDKROOT = watchos;
				SKIP_INSTALL = YES;
				SWIFT_EMIT_LOC_STRINGS = YES;
				SWIFT_VERSION = 5.0;
				TARGETED_DEVICE_FAMILY = 4;
				VALIDATE_PRODUCT = YES;
				WATCHOS_DEPLOYMENT_TARGET = 10.4;
			};
			name = Release;
		};
		55072C272C15AB4100B3EFC9 /* Debug */ = {
			isa = XCBuildConfiguration;
			buildSettings = {
				ALWAYS_EMBED_SWIFT_STANDARD_LIBRARIES = YES;
				ASSETCATALOG_COMPILER_APPICON_NAME = AppIcon;
				ASSETCATALOG_COMPILER_GLOBAL_ACCENT_COLOR_NAME = AccentColor;
				CODE_SIGN_ENTITLEMENTS = CoffeeCodeHealthKit2/CoffeeCodeHealthKit2.entitlements;
				CODE_SIGN_STYLE = Automatic;
				CURRENT_PROJECT_VERSION = 1;
				DEVELOPMENT_ASSET_PATHS = "\"CoffeeCodeHealthKit2/Preview Content\"";
				DEVELOPMENT_TEAM = 95528648JL;
				ENABLE_PREVIEWS = YES;
				GENERATE_INFOPLIST_FILE = YES;
				INFOPLIST_KEY_CFBundleDisplayName = CoffeeCodeHealthKit2;
				INFOPLIST_KEY_NSHealthShareUsageDescription = "App will read workout data.";
				INFOPLIST_KEY_NSHealthUpdateUsageDescription = "App will run and record workouts.";
				INFOPLIST_KEY_UIApplicationSceneManifest_Generation = YES;
				INFOPLIST_KEY_UIApplicationSupportsIndirectInputEvents = YES;
				INFOPLIST_KEY_UILaunchScreen_Generation = YES;
				INFOPLIST_KEY_UISupportedInterfaceOrientations_iPad = "UIInterfaceOrientationPortrait UIInterfaceOrientationPortraitUpsideDown UIInterfaceOrientationLandscapeLeft UIInterfaceOrientationLandscapeRight";
				INFOPLIST_KEY_UISupportedInterfaceOrientations_iPhone = "UIInterfaceOrientationPortrait UIInterfaceOrientationLandscapeLeft UIInterfaceOrientationLandscapeRight";
				IPHONEOS_DEPLOYMENT_TARGET = 17.4;
				LD_RUNPATH_SEARCH_PATHS = (
					"$(inherited)",
					"@executable_path/Frameworks",
				);
				MARKETING_VERSION = 1.0;
				PRODUCT_BUNDLE_IDENTIFIER = coffeecode.CoffeeCodeHealthKit2;
				PRODUCT_NAME = "$(TARGET_NAME)";
				SDKROOT = iphoneos;
				SWIFT_EMIT_LOC_STRINGS = YES;
				SWIFT_VERSION = 5.0;
				TARGETED_DEVICE_FAMILY = "1,2";
			};
			name = Debug;
		};
		55072C282C15AB4100B3EFC9 /* Release */ = {
			isa = XCBuildConfiguration;
			buildSettings = {
				ALWAYS_EMBED_SWIFT_STANDARD_LIBRARIES = YES;
				ASSETCATALOG_COMPILER_APPICON_NAME = AppIcon;
				ASSETCATALOG_COMPILER_GLOBAL_ACCENT_COLOR_NAME = AccentColor;
				CODE_SIGN_ENTITLEMENTS = CoffeeCodeHealthKit2/CoffeeCodeHealthKit2.entitlements;
				CODE_SIGN_STYLE = Automatic;
				CURRENT_PROJECT_VERSION = 1;
				DEVELOPMENT_ASSET_PATHS = "\"CoffeeCodeHealthKit2/Preview Content\"";
				DEVELOPMENT_TEAM = 95528648JL;
				ENABLE_PREVIEWS = YES;
				GENERATE_INFOPLIST_FILE = YES;
				INFOPLIST_KEY_CFBundleDisplayName = CoffeeCodeHealthKit2;
				INFOPLIST_KEY_NSHealthShareUsageDescription = "App will read workout data.";
				INFOPLIST_KEY_NSHealthUpdateUsageDescription = "App will run and record workouts.";
				INFOPLIST_KEY_UIApplicationSceneManifest_Generation = YES;
				INFOPLIST_KEY_UIApplicationSupportsIndirectInputEvents = YES;
				INFOPLIST_KEY_UILaunchScreen_Generation = YES;
				INFOPLIST_KEY_UISupportedInterfaceOrientations_iPad = "UIInterfaceOrientationPortrait UIInterfaceOrientationPortraitUpsideDown UIInterfaceOrientationLandscapeLeft UIInterfaceOrientationLandscapeRight";
				INFOPLIST_KEY_UISupportedInterfaceOrientations_iPhone = "UIInterfaceOrientationPortrait UIInterfaceOrientationLandscapeLeft UIInterfaceOrientationLandscapeRight";
				IPHONEOS_DEPLOYMENT_TARGET = 17.4;
				LD_RUNPATH_SEARCH_PATHS = (
					"$(inherited)",
					"@executable_path/Frameworks",
				);
				MARKETING_VERSION = 1.0;
				PRODUCT_BUNDLE_IDENTIFIER = coffeecode.CoffeeCodeHealthKit2;
				PRODUCT_NAME = "$(TARGET_NAME)";
				SDKROOT = iphoneos;
				SWIFT_EMIT_LOC_STRINGS = YES;
				SWIFT_VERSION = 5.0;
				TARGETED_DEVICE_FAMILY = "1,2";
				VALIDATE_PRODUCT = YES;
			};
			name = Release;
		};
/* End XCBuildConfiguration section */

/* Begin XCConfigurationList section */
		55072BFD2C15AB3E00B3EFC9 /* Build configuration list for PBXProject "CoffeeCodeHealthKit2" */ = {
			isa = XCConfigurationList;
			buildConfigurations = (
				55072C202C15AB4100B3EFC9 /* Debug */,
				55072C212C15AB4100B3EFC9 /* Release */,
			);
			defaultConfigurationIsVisible = 0;
			defaultConfigurationName = Release;
		};
		55072C222C15AB4100B3EFC9 /* Build configuration list for PBXNativeTarget "CoffeeCodeHealthKit2 Watch App" */ = {
			isa = XCConfigurationList;
			buildConfigurations = (
				55072C232C15AB4100B3EFC9 /* Debug */,
				55072C242C15AB4100B3EFC9 /* Release */,
			);
			defaultConfigurationIsVisible = 0;
			defaultConfigurationName = Release;
		};
		55072C262C15AB4100B3EFC9 /* Build configuration list for PBXNativeTarget "CoffeeCodeHealthKit2" */ = {
			isa = XCConfigurationList;
			buildConfigurations = (
				55072C272C15AB4100B3EFC9 /* Debug */,
				55072C282C15AB4100B3EFC9 /* Release */,
			);
			defaultConfigurationIsVisible = 0;
			defaultConfigurationName = Release;
		};
/* End XCConfigurationList section */
	};
	rootObject = 55072BFA2C15AB3E00B3EFC9 /* Project object */;
}
